
Microsoft Visual Studio Solution File, Format Version 12.00
# Visual Studio Version 17
VisualStudioVersion = 17.0.32014.148
MinimumVisualStudioVersion = 10.0.40219.1
Project("{2150E333-8FDC-42A3-9474-1A3956D46DE8}") = "Applications", "Applications", "{BD151E63-D321-4AC1-A2CD-80283D4FC70C}"
EndProject
Project("{2150E333-8FDC-42A3-9474-1A3956D46DE8}") = "Common", "Common", "{E4030417-3F95-48BA-8A9A-6E1B4A5B5873}"
EndProject
Project("{9A19103F-16F7-4668-BE54-9A1E7A4F7556}") = "Mangos.Cluster", "Mangos.Cluster\Mangos.Cluster.csproj", "{10A6150C-A108-0B9D-235E-DD3FA72FEAD0}"
EndProject
Project("{9A19103F-16F7-4668-BE54-9A1E7A4F7556}") = "Mangos.World", "Mangos.World\Mangos.World.csproj", "{770BB034-1DF6-0635-2795-21DE373A2FA0}"
EndProject
Project("{2150E333-8FDC-42A3-9474-1A3956D46DE8}") = ".global", ".global", "{97868233-E3E0-4477-A5F2-7522A82F077C}"
	ProjectSection(SolutionItems) = preProject
		..\.editorconfig = ..\.editorconfig
		..\Directory.Build.props = ..\Directory.Build.props
	EndProjectSection
EndProject
Project("{9A19103F-16F7-4668-BE54-9A1E7A4F7556}") = "Mangos.Zip", "Mangos.Zip\Mangos.Zip.csproj", "{2D28CF25-F3D8-4488-825A-20C05D144C9D}"
EndProject
Project("{9A19103F-16F7-4668-BE54-9A1E7A4F7556}") = "Mangos.DataStores", "Mangos.DataStores\Mangos.DataStores.csproj", "{862688BC-7C41-422F-BFD8-43C3B8B8761E}"
EndProject
Project("{2150E333-8FDC-42A3-9474-1A3956D46DE8}") = "Core", "Core", "{404E091A-3BC2-4F2B-B634-1CC8891405C3}"
EndProject
Project("{9A19103F-16F7-4668-BE54-9A1E7A4F7556}") = "Mangos.World.Scripts", "Mangos.World.Scripts\Mangos.World.Scripts.csproj", "{D5ABFC37-7893-477D-A675-7BE7FE95C5B3}"
EndProject
Project("{9A19103F-16F7-4668-BE54-9A1E7A4F7556}") = "RealmServer", "RealmServer\RealmServer.csproj", "{776C99A9-C8F5-4116-B05C-A4D588A7930D}"
EndProject
Project("{9A19103F-16F7-4668-BE54-9A1E7A4F7556}") = "Mangos.Common.Legacy", "Mangos.Common.Legacy\Mangos.Common.Legacy.csproj", "{B0E58AD5-A0CA-4207-B3A6-E45FF1A30C23}"
EndProject
Project("{9A19103F-16F7-4668-BE54-9A1E7A4F7556}") = "Mangos.Common", "Mangos.Common\Mangos.Common.csproj", "{26F1703D-EDDF-479C-98FF-C48B1FDECB2F}"
EndProject
Project("{2150E333-8FDC-42A3-9474-1A3956D46DE8}") = "Infrastructure", "Infrastructure", "{95BF5347-DA27-4933-83E4-279B60D20835}"
EndProject
Project("{9A19103F-16F7-4668-BE54-9A1E7A4F7556}") = "Mangos.Configuration", "Mangos.Configuration\Mangos.Configuration.csproj", "{ABA4A3F3-2074-4633-A81E-3ACB156B50D8}"
EndProject
Project("{9A19103F-16F7-4668-BE54-9A1E7A4F7556}") = "Mangos.Logging", "Mangos.Logging\Mangos.Logging.csproj", "{9C658A11-4B04-4BDF-929B-4E5D40EC8469}"
EndProject
Project("{9A19103F-16F7-4668-BE54-9A1E7A4F7556}") = "Mangos.MySql", "Mangos.MySql\Mangos.MySql.csproj", "{57442413-177E-4A2C-84CB-7EDA6BF6E049}"
EndProject
Project("{9A19103F-16F7-4668-BE54-9A1E7A4F7556}") = "Mangos.Tcp", "Mangos.Tcp\Mangos.Tcp.csproj", "{2D13723F-2661-4413-AA90-D393980F8B14}"
EndProject
Project("{9A19103F-16F7-4668-BE54-9A1E7A4F7556}") = "GameServer", "GameServer\GameServer.csproj", "{B20A385B-09C2-4621-8710-7281B1E6BDB9}"
EndProject
Project("{2150E333-8FDC-42A3-9474-1A3956D46DE8}") = "Domain", "Domain", "{40EC8469-64C2-4FF0-A941-86336445F8D1}"
EndProject
Project("{FAE04EC0-301F-11D3-BF4B-00C04F79EFBC}") = "Mangos.Domain", "Mangos.Domain\Mangos.Domain.csproj", "{D6B4DEFD-6430-4ACD-A218-FA6B59E842A5}"
EndProject
Project("{9A19103F-16F7-4668-BE54-9A1E7A4F7556}") = "Mangos.Cluster.Interop", "Mangos.Cluster.Interop\Mangos.Cluster.Interop.csproj", "{F1A2B3C4-D5E6-7890-ABCD-EF1234567890}"
EndProject
Project("{9A19103F-16F7-4668-BE54-9A1E7A4F7556}") = "WorldCluster", "WorldCluster\WorldCluster.csproj", "{A1B2C3D4-E5F6-7890-1234-567890ABCDEF}"
EndProject
Project("{9A19103F-16F7-4668-BE54-9A1E7A4F7556}") = "WorldServer", "WorldServer\WorldServer.csproj", "{B2C3D4E5-F6A7-8901-2345-67890ABCDEF1}"
EndProject
Project("{2150E333-8FDC-42A3-9474-1A3956D46DE8}") = "Tests", "Tests", "{C3D4E5F6-A7B8-9012-3456-7890ABCDEF12}"
EndProject
Project("{9A19103F-16F7-4668-BE54-9A1E7A4F7556}") = "Mangos.Tests", "Mangos.Tests\Mangos.Tests.csproj", "{D4E5F6A7-B8C9-0123-4567-890ABCDEF123}"
EndProject
Project("{9A19103F-16F7-4668-BE54-9A1E7A4F7556}") = "Mangos.World.Events", "Mangos.World.Events\Mangos.World.Events.csproj", "{E5F6A7B8-C9D0-1234-5678-90ABCDEF1234}"
EndProject
Global
	GlobalSection(SolutionConfigurationPlatforms) = preSolution
		Debug|Any CPU = Debug|Any CPU
		Release|Any CPU = Release|Any CPU
	EndGlobalSection
	GlobalSection(ProjectConfigurationPlatforms) = postSolution
		{10A6150C-A108-0B9D-235E-DD3FA72FEAD0}.Debug|Any CPU.ActiveCfg = Debug|Any CPU
		{10A6150C-A108-0B9D-235E-DD3FA72FEAD0}.Debug|Any CPU.Build.0 = Debug|Any CPU
		{10A6150C-A108-0B9D-235E-DD3FA72FEAD0}.Release|Any CPU.ActiveCfg = Release|Any CPU
		{10A6150C-A108-0B9D-235E-DD3FA72FEAD0}.Release|Any CPU.Build.0 = Release|Any CPU
		{770BB034-1DF6-0635-2795-21DE373A2FA0}.Debug|Any CPU.ActiveCfg = Debug|Any CPU
		{770BB034-1DF6-0635-2795-21DE373A2FA0}.Debug|Any CPU.Build.0 = Debug|Any CPU
		{770BB034-1DF6-0635-2795-21DE373A2FA0}.Release|Any CPU.ActiveCfg = Release|Any CPU
		{770BB034-1DF6-0635-2795-21DE373A2FA0}.Release|Any CPU.Build.0 = Release|Any CPU
		{2D28CF25-F3D8-4488-825A-20C05D144C9D}.Debug|Any CPU.ActiveCfg = Debug|Any CPU
		{2D28CF25-F3D8-4488-825A-20C05D144C9D}.Debug|Any CPU.Build.0 = Debug|Any CPU
		{2D28CF25-F3D8-4488-825A-20C05D144C9D}.Release|Any CPU.ActiveCfg = Release|Any CPU
		{2D28CF25-F3D8-4488-825A-20C05D144C9D}.Release|Any CPU.Build.0 = Release|Any CPU
		{862688BC-7C41-422F-BFD8-43C3B8B8761E}.Debug|Any CPU.ActiveCfg = Debug|Any CPU
		{862688BC-7C41-422F-BFD8-43C3B8B8761E}.Debug|Any CPU.Build.0 = Debug|Any CPU
		{862688BC-7C41-422F-BFD8-43C3B8B8761E}.Release|Any CPU.ActiveCfg = Release|Any CPU
		{862688BC-7C41-422F-BFD8-43C3B8B8761E}.Release|Any CPU.Build.0 = Release|Any CPU
		{D5ABFC37-7893-477D-A675-7BE7FE95C5B3}.Debug|Any CPU.ActiveCfg = Debug|Any CPU
		{D5ABFC37-7893-477D-A675-7BE7FE95C5B3}.Debug|Any CPU.Build.0 = Debug|Any CPU
		{D5ABFC37-7893-477D-A675-7BE7FE95C5B3}.Release|Any CPU.ActiveCfg = Release|Any CPU
		{D5ABFC37-7893-477D-A675-7BE7FE95C5B3}.Release|Any CPU.Build.0 = Release|Any CPU
		{776C99A9-C8F5-4116-B05C-A4D588A7930D}.Debug|Any CPU.ActiveCfg = Debug|Any CPU
		{776C99A9-C8F5-4116-B05C-A4D588A7930D}.Debug|Any CPU.Build.0 = Debug|Any CPU
		{776C99A9-C8F5-4116-B05C-A4D588A7930D}.Release|Any CPU.ActiveCfg = Release|Any CPU
		{776C99A9-C8F5-4116-B05C-A4D588A7930D}.Release|Any CPU.Build.0 = Release|Any CPU
		{B0E58AD5-A0CA-4207-B3A6-E45FF1A30C23}.Debug|Any CPU.ActiveCfg = Debug|Any CPU
		{B0E58AD5-A0CA-4207-B3A6-E45FF1A30C23}.Debug|Any CPU.Build.0 = Debug|Any CPU
		{B0E58AD5-A0CA-4207-B3A6-E45FF1A30C23}.Release|Any CPU.ActiveCfg = Release|Any CPU
		{B0E58AD5-A0CA-4207-B3A6-E45FF1A30C23}.Release|Any CPU.Build.0 = Release|Any CPU
		{26F1703D-EDDF-479C-98FF-C48B1FDECB2F}.Debug|Any CPU.ActiveCfg = Debug|Any CPU
		{26F1703D-EDDF-479C-98FF-C48B1FDECB2F}.Debug|Any CPU.Build.0 = Debug|Any CPU
		{26F1703D-EDDF-479C-98FF-C48B1FDECB2F}.Release|Any CPU.ActiveCfg = Release|Any CPU
		{26F1703D-EDDF-479C-98FF-C48B1FDECB2F}.Release|Any CPU.Build.0 = Release|Any CPU
		{ABA4A3F3-2074-4633-A81E-3ACB156B50D8}.Debug|Any CPU.ActiveCfg = Debug|Any CPU
		{ABA4A3F3-2074-4633-A81E-3ACB156B50D8}.Debug|Any CPU.Build.0 = Debug|Any CPU
		{ABA4A3F3-2074-4633-A81E-3ACB156B50D8}.Release|Any CPU.ActiveCfg = Release|Any CPU
		{ABA4A3F3-2074-4633-A81E-3ACB156B50D8}.Release|Any CPU.Build.0 = Release|Any CPU
		{9C658A11-4B04-4BDF-929B-4E5D40EC8469}.Debug|Any CPU.ActiveCfg = Debug|Any CPU
		{9C658A11-4B04-4BDF-929B-4E5D40EC8469}.Debug|Any CPU.Build.0 = Debug|Any CPU
		{9C658A11-4B04-4BDF-929B-4E5D40EC8469}.Release|Any CPU.ActiveCfg = Release|Any CPU
		{9C658A11-4B04-4BDF-929B-4E5D40EC8469}.Release|Any CPU.Build.0 = Release|Any CPU
		{57442413-177E-4A2C-84CB-7EDA6BF6E049}.Debug|Any CPU.ActiveCfg = Debug|Any CPU
		{57442413-177E-4A2C-84CB-7EDA6BF6E049}.Debug|Any CPU.Build.0 = Debug|Any CPU
		{57442413-177E-4A2C-84CB-7EDA6BF6E049}.Release|Any CPU.ActiveCfg = Release|Any CPU
		{57442413-177E-4A2C-84CB-7EDA6BF6E049}.Release|Any CPU.Build.0 = Release|Any CPU
		{2D13723F-2661-4413-AA90-D393980F8B14}.Debug|Any CPU.ActiveCfg = Debug|Any CPU
		{2D13723F-2661-4413-AA90-D393980F8B14}.Debug|Any CPU.Build.0 = Debug|Any CPU
		{2D13723F-2661-4413-AA90-D393980F8B14}.Release|Any CPU.ActiveCfg = Release|Any CPU
		{2D13723F-2661-4413-AA90-D393980F8B14}.Release|Any CPU.Build.0 = Release|Any CPU
		{B20A385B-09C2-4621-8710-7281B1E6BDB9}.Debug|Any CPU.ActiveCfg = Debug|Any CPU
		{B20A385B-09C2-4621-8710-7281B1E6BDB9}.Debug|Any CPU.Build.0 = Debug|Any CPU
		{B20A385B-09C2-4621-8710-7281B1E6BDB9}.Release|Any CPU.ActiveCfg = Release|Any CPU
		{B20A385B-09C2-4621-8710-7281B1E6BDB9}.Release|Any CPU.Build.0 = Release|Any CPU
		{D6B4DEFD-6430-4ACD-A218-FA6B59E842A5}.Debug|Any CPU.ActiveCfg = Debug|Any CPU
		{D6B4DEFD-6430-4ACD-A218-FA6B59E842A5}.Debug|Any CPU.Build.0 = Debug|Any CPU
		{D6B4DEFD-6430-4ACD-A218-FA6B59E842A5}.Release|Any CPU.ActiveCfg = Release|Any CPU
		{D6B4DEFD-6430-4ACD-A218-FA6B59E842A5}.Release|Any CPU.Build.0 = Release|Any CPU
		{F1A2B3C4-D5E6-7890-ABCD-EF1234567890}.Debug|Any CPU.ActiveCfg = Debug|Any CPU
		{F1A2B3C4-D5E6-7890-ABCD-EF1234567890}.Debug|Any CPU.Build.0 = Debug|Any CPU
		{F1A2B3C4-D5E6-7890-ABCD-EF1234567890}.Release|Any CPU.ActiveCfg = Release|Any CPU
		{F1A2B3C4-D5E6-7890-ABCD-EF1234567890}.Release|Any CPU.Build.0 = Release|Any CPU
		{A1B2C3D4-E5F6-7890-1234-567890ABCDEF}.Debug|Any CPU.ActiveCfg = Debug|Any CPU
		{A1B2C3D4-E5F6-7890-1234-567890ABCDEF}.Debug|Any CPU.Build.0 = Debug|Any CPU
		{A1B2C3D4-E5F6-7890-1234-567890ABCDEF}.Release|Any CPU.ActiveCfg = Release|Any CPU
		{A1B2C3D4-E5F6-7890-1234-567890ABCDEF}.Release|Any CPU.Build.0 = Release|Any CPU
		{B2C3D4E5-F6A7-8901-2345-67890ABCDEF1}.Debug|Any CPU.ActiveCfg = Debug|Any CPU
		{B2C3D4E5-F6A7-8901-2345-67890ABCDEF1}.Debug|Any CPU.Build.0 = Debug|Any CPU
		{B2C3D4E5-F6A7-8901-2345-67890ABCDEF1}.Release|Any CPU.ActiveCfg = Release|Any CPU
		{B2C3D4E5-F6A7-8901-2345-67890ABCDEF1}.Release|Any CPU.Build.0 = Release|Any CPU
		{D4E5F6A7-B8C9-0123-4567-890ABCDEF123}.Debug|Any CPU.ActiveCfg = Debug|Any CPU
		{D4E5F6A7-B8C9-0123-4567-890ABCDEF123}.Debug|Any CPU.Build.0 = Debug|Any CPU
		{D4E5F6A7-B8C9-0123-4567-890ABCDEF123}.Release|Any CPU.ActiveCfg = Release|Any CPU
		{D4E5F6A7-B8C9-0123-4567-890ABCDEF123}.Release|Any CPU.Build.0 = Release|Any CPU
		{E5F6A7B8-C9D0-1234-5678-90ABCDEF1234}.Debug|Any CPU.ActiveCfg = Debug|Any CPU
		{E5F6A7B8-C9D0-1234-5678-90ABCDEF1234}.Debug|Any CPU.Build.0 = Debug|Any CPU
		{E5F6A7B8-C9D0-1234-5678-90ABCDEF1234}.Release|Any CPU.ActiveCfg = Release|Any CPU
		{E5F6A7B8-C9D0-1234-5678-90ABCDEF1234}.Release|Any CPU.Build.0 = Release|Any CPU
	EndGlobalSection
	GlobalSection(SolutionProperties) = preSolution
		HideSolutionNode = FALSE
	EndGlobalSection
	GlobalSection(NestedProjects) = preSolution
		{E4030417-3F95-48BA-8A9A-6E1B4A5B5873} = {BD151E63-D321-4AC1-A2CD-80283D4FC70C}
		{10A6150C-A108-0B9D-235E-DD3FA72FEAD0} = {404E091A-3BC2-4F2B-B634-1CC8891405C3}
		{770BB034-1DF6-0635-2795-21DE373A2FA0} = {404E091A-3BC2-4F2B-B634-1CC8891405C3}
		{2D28CF25-F3D8-4488-825A-20C05D144C9D} = {E4030417-3F95-48BA-8A9A-6E1B4A5B5873}
		{862688BC-7C41-422F-BFD8-43C3B8B8761E} = {E4030417-3F95-48BA-8A9A-6E1B4A5B5873}
		{404E091A-3BC2-4F2B-B634-1CC8891405C3} = {BD151E63-D321-4AC1-A2CD-80283D4FC70C}
		{D5ABFC37-7893-477D-A675-7BE7FE95C5B3} = {404E091A-3BC2-4F2B-B634-1CC8891405C3}
		{776C99A9-C8F5-4116-B05C-A4D588A7930D} = {BD151E63-D321-4AC1-A2CD-80283D4FC70C}
		{B0E58AD5-A0CA-4207-B3A6-E45FF1A30C23} = {E4030417-3F95-48BA-8A9A-6E1B4A5B5873}
		{26F1703D-EDDF-479C-98FF-C48B1FDECB2F} = {E4030417-3F95-48BA-8A9A-6E1B4A5B5873}
		{ABA4A3F3-2074-4633-A81E-3ACB156B50D8} = {95BF5347-DA27-4933-83E4-279B60D20835}
		{9C658A11-4B04-4BDF-929B-4E5D40EC8469} = {95BF5347-DA27-4933-83E4-279B60D20835}
		{57442413-177E-4A2C-84CB-7EDA6BF6E049} = {95BF5347-DA27-4933-83E4-279B60D20835}
		{2D13723F-2661-4413-AA90-D393980F8B14} = {95BF5347-DA27-4933-83E4-279B60D20835}
		{B20A385B-09C2-4621-8710-7281B1E6BDB9} = {BD151E63-D321-4AC1-A2CD-80283D4FC70C}
		{D6B4DEFD-6430-4ACD-A218-FA6B59E842A5} = {40EC8469-64C2-4FF0-A941-86336445F8D1}
		{F1A2B3C4-D5E6-7890-ABCD-EF1234567890} = {95BF5347-DA27-4933-83E4-279B60D20835}
		{A1B2C3D4-E5F6-7890-1234-567890ABCDEF} = {BD151E63-D321-4AC1-A2CD-80283D4FC70C}
		{B2C3D4E5-F6A7-8901-2345-67890ABCDEF1} = {BD151E63-D321-4AC1-A2CD-80283D4FC70C}
		{D4E5F6A7-B8C9-0123-4567-890ABCDEF123} = {C3D4E5F6-A7B8-9012-3456-7890ABCDEF12}
		{E5F6A7B8-C9D0-1234-5678-90ABCDEF1234} = {404E091A-3BC2-4F2B-B634-1CC8891405C3}
	EndGlobalSection
	GlobalSection(ExtensibilityGlobals) = postSolution
		SolutionGuid = {ADB1D01A-F2D8-411D-8C5E-9B125F8FE64E}
	EndGlobalSection
EndGlobal
