
Microsoft Visual Studio Solution File, Format Version 12.00
# Visual Studio Version 17
VisualStudioVersion = 17.0.32014.148
MinimumVisualStudioVersion = 10.0.40219.1
Project("{2150E333-8FDC-42A3-9474-1A3956D46DE8}") = "Applications", "Applications", "{BD151E63-D321-4AC1-A2CD-80283D4FC70C}"
EndProject
Project("{2150E333-8FDC-42A3-9474-1A3956D46DE8}") = "Common", "Common", "{E4030417-3F95-48BA-8A9A-6E1B4A5B5873}"
EndProject
Project("{9A19103F-16F7-4668-BE54-9A1E7A4F7556}") = "Mangos.SignalR", "Mangos.SignalR\Mangos.SignalR.csproj", "{6BB15C91-C4A4-025E-3DD3-F1C93973F589}"
EndProject
Project("{9A19103F-16F7-4668-BE54-9A1E7A4F7556}") = "Mangos.Cluster", "Mangos.Cluster\Mangos.Cluster.csproj", "{10A6150C-A108-0B9D-235E-DD3FA72FEAD0}"
EndProject
Project("{9A19103F-16F7-4668-BE54-9A1E7A4F7556}") = "Mangos.World", "Mangos.World\Mangos.World.csproj", "{770BB034-1DF6-0635-2795-21DE373A2FA0}"
EndProject
Project("{2150E333-8FDC-42A3-9474-1A3956D46DE8}") = "Configuration", "Configuration", "{7B6C0310-8E34-42CE-A29F-22F24BBC8381}"
EndProject
Project("{9A19103F-16F7-4668-BE54-9A1E7A4F7556}") = "Mangos.Configurations", "Mangos.Configurations\Mangos.Configurations.csproj", "{E27D5071-163D-0D73-30C7-056D3063F13B}"
EndProject
Project("{9A19103F-16F7-4668-BE54-9A1E7A4F7556}") = "Mangos.Configurations.Xml", "Mangos.Configurations.Xml\Mangos.Configurations.Xml.csproj", "{EB435360-64EE-0849-15BF-759DA3CB6753}"
EndProject
Project("{2150E333-8FDC-42A3-9474-1A3956D46DE8}") = ".global", ".global", "{97868233-E3E0-4477-A5F2-7522A82F077C}"
	ProjectSection(SolutionItems) = preProject
		.editorconfig = .editorconfig
		Directory.Build.props = Directory.Build.props
	EndProjectSection
EndProject
Project("{9A19103F-16F7-4668-BE54-9A1E7A4F7556}") = "Mangos.Zip", "Mangos.Zip\Mangos.Zip.csproj", "{2D28CF25-F3D8-4488-825A-20C05D144C9D}"
EndProject
Project("{9A19103F-16F7-4668-BE54-9A1E7A4F7556}") = "Mangos.DataStores", "Mangos.DataStores\Mangos.DataStores.csproj", "{862688BC-7C41-422F-BFD8-43C3B8B8761E}"
EndProject
Project("{2150E333-8FDC-42A3-9474-1A3956D46DE8}") = "Cluster", "Cluster", "{404E091A-3BC2-4F2B-B634-1CC8891405C3}"
EndProject
Project("{2150E333-8FDC-42A3-9474-1A3956D46DE8}") = "World", "World", "{C64D07D2-0EDD-4AFA-8A4C-B32BC3B7889B}"
EndProject
Project("{9A19103F-16F7-4668-BE54-9A1E7A4F7556}") = "Mangos.World.Scripts", "Mangos.World.Scripts\Mangos.World.Scripts.csproj", "{D5ABFC37-7893-477D-A675-7BE7FE95C5B3}"
EndProject
Project("{9A19103F-16F7-4668-BE54-9A1E7A4F7556}") = "RealmServer", "RealmServer\RealmServer.csproj", "{776C99A9-C8F5-4116-B05C-A4D588A7930D}"
EndProject
Project("{9A19103F-16F7-4668-BE54-9A1E7A4F7556}") = "Mangos.Common.Legacy", "Mangos.Common.Legacy\Mangos.Common.Legacy.csproj", "{B0E58AD5-A0CA-4207-B3A6-E45FF1A30C23}"
EndProject
Project("{9A19103F-16F7-4668-BE54-9A1E7A4F7556}") = "WorldCluster", "WorldCluster\WorldCluster.csproj", "{1C33ECF2-7D8F-4EAB-824F-375B200C9E03}"
EndProject
Project("{9A19103F-16F7-4668-BE54-9A1E7A4F7556}") = "Mangos.Common", "Mangos.Common\Mangos.Common.csproj", "{26F1703D-EDDF-479C-98FF-C48B1FDECB2F}"
EndProject
Project("{2150E333-8FDC-42A3-9474-1A3956D46DE8}") = "Infrastructure", "Infrastructure", "{95BF5347-DA27-4933-83E4-279B60D20835}"
EndProject
Project("{9A19103F-16F7-4668-BE54-9A1E7A4F7556}") = "Mangos.Configuration", "Mangos.Configuration\Mangos.Configuration.csproj", "{ABA4A3F3-2074-4633-A81E-3ACB156B50D8}"
EndProject
Project("{9A19103F-16F7-4668-BE54-9A1E7A4F7556}") = "Mangos.Logging", "Mangos.Logging\Mangos.Logging.csproj", "{9C658A11-4B04-4BDF-929B-4E5D40EC8469}"
EndProject
Project("{9A19103F-16F7-4668-BE54-9A1E7A4F7556}") = "Mangos.MySql", "Mangos.MySql\Mangos.MySql.csproj", "{57442413-177E-4A2C-84CB-7EDA6BF6E049}"
EndProject
Project("{9A19103F-16F7-4668-BE54-9A1E7A4F7556}") = "Mangos.Tcp", "Mangos.Tcp\Mangos.Tcp.csproj", "{2D13723F-2661-4413-AA90-D393980F8B14}"
EndProject
Global
	GlobalSection(SolutionConfigurationPlatforms) = preSolution
		Debug|Any CPU = Debug|Any CPU
		Release|Any CPU = Release|Any CPU
	EndGlobalSection
	GlobalSection(ProjectConfigurationPlatforms) = postSolution
		{6BB15C91-C4A4-025E-3DD3-F1C93973F589}.Debug|Any CPU.ActiveCfg = Debug|Any CPU
		{6BB15C91-C4A4-025E-3DD3-F1C93973F589}.Debug|Any CPU.Build.0 = Debug|Any CPU
		{6BB15C91-C4A4-025E-3DD3-F1C93973F589}.Release|Any CPU.ActiveCfg = Release|Any CPU
		{6BB15C91-C4A4-025E-3DD3-F1C93973F589}.Release|Any CPU.Build.0 = Release|Any CPU
		{10A6150C-A108-0B9D-235E-DD3FA72FEAD0}.Debug|Any CPU.ActiveCfg = Debug|Any CPU
		{10A6150C-A108-0B9D-235E-DD3FA72FEAD0}.Debug|Any CPU.Build.0 = Debug|Any CPU
		{10A6150C-A108-0B9D-235E-DD3FA72FEAD0}.Release|Any CPU.ActiveCfg = Release|Any CPU
		{10A6150C-A108-0B9D-235E-DD3FA72FEAD0}.Release|Any CPU.Build.0 = Release|Any CPU
		{770BB034-1DF6-0635-2795-21DE373A2FA0}.Debug|Any CPU.ActiveCfg = Debug|Any CPU
		{770BB034-1DF6-0635-2795-21DE373A2FA0}.Debug|Any CPU.Build.0 = Debug|Any CPU
		{770BB034-1DF6-0635-2795-21DE373A2FA0}.Release|Any CPU.ActiveCfg = Release|Any CPU
		{770BB034-1DF6-0635-2795-21DE373A2FA0}.Release|Any CPU.Build.0 = Release|Any CPU
		{E27D5071-163D-0D73-30C7-056D3063F13B}.Debug|Any CPU.ActiveCfg = Debug|Any CPU
		{E27D5071-163D-0D73-30C7-056D3063F13B}.Debug|Any CPU.Build.0 = Debug|Any CPU
		{E27D5071-163D-0D73-30C7-056D3063F13B}.Release|Any CPU.ActiveCfg = Release|Any CPU
		{E27D5071-163D-0D73-30C7-056D3063F13B}.Release|Any CPU.Build.0 = Release|Any CPU
		{EB435360-64EE-0849-15BF-759DA3CB6753}.Debug|Any CPU.ActiveCfg = Debug|Any CPU
		{EB435360-64EE-0849-15BF-759DA3CB6753}.Debug|Any CPU.Build.0 = Debug|Any CPU
		{EB435360-64EE-0849-15BF-759DA3CB6753}.Release|Any CPU.ActiveCfg = Release|Any CPU
		{EB435360-64EE-0849-15BF-759DA3CB6753}.Release|Any CPU.Build.0 = Release|Any CPU
		{2D28CF25-F3D8-4488-825A-20C05D144C9D}.Debug|Any CPU.ActiveCfg = Debug|Any CPU
		{2D28CF25-F3D8-4488-825A-20C05D144C9D}.Debug|Any CPU.Build.0 = Debug|Any CPU
		{2D28CF25-F3D8-4488-825A-20C05D144C9D}.Release|Any CPU.ActiveCfg = Release|Any CPU
		{2D28CF25-F3D8-4488-825A-20C05D144C9D}.Release|Any CPU.Build.0 = Release|Any CPU
		{862688BC-7C41-422F-BFD8-43C3B8B8761E}.Debug|Any CPU.ActiveCfg = Debug|Any CPU
		{862688BC-7C41-422F-BFD8-43C3B8B8761E}.Debug|Any CPU.Build.0 = Debug|Any CPU
		{862688BC-7C41-422F-BFD8-43C3B8B8761E}.Release|Any CPU.ActiveCfg = Release|Any CPU
		{862688BC-7C41-422F-BFD8-43C3B8B8761E}.Release|Any CPU.Build.0 = Release|Any CPU
		{D5ABFC37-7893-477D-A675-7BE7FE95C5B3}.Debug|Any CPU.ActiveCfg = Debug|Any CPU
		{D5ABFC37-7893-477D-A675-7BE7FE95C5B3}.Debug|Any CPU.Build.0 = Debug|Any CPU
		{D5ABFC37-7893-477D-A675-7BE7FE95C5B3}.Release|Any CPU.ActiveCfg = Release|Any CPU
		{D5ABFC37-7893-477D-A675-7BE7FE95C5B3}.Release|Any CPU.Build.0 = Release|Any CPU
		{776C99A9-C8F5-4116-B05C-A4D588A7930D}.Debug|Any CPU.ActiveCfg = Debug|Any CPU
		{776C99A9-C8F5-4116-B05C-A4D588A7930D}.Debug|Any CPU.Build.0 = Debug|Any CPU
		{776C99A9-C8F5-4116-B05C-A4D588A7930D}.Release|Any CPU.ActiveCfg = Release|Any CPU
		{776C99A9-C8F5-4116-B05C-A4D588A7930D}.Release|Any CPU.Build.0 = Release|Any CPU
		{B0E58AD5-A0CA-4207-B3A6-E45FF1A30C23}.Debug|Any CPU.ActiveCfg = Debug|Any CPU
		{B0E58AD5-A0CA-4207-B3A6-E45FF1A30C23}.Debug|Any CPU.Build.0 = Debug|Any CPU
		{B0E58AD5-A0CA-4207-B3A6-E45FF1A30C23}.Release|Any CPU.ActiveCfg = Release|Any CPU
		{B0E58AD5-A0CA-4207-B3A6-E45FF1A30C23}.Release|Any CPU.Build.0 = Release|Any CPU
		{1C33ECF2-7D8F-4EAB-824F-375B200C9E03}.Debug|Any CPU.ActiveCfg = Debug|Any CPU
		{1C33ECF2-7D8F-4EAB-824F-375B200C9E03}.Debug|Any CPU.Build.0 = Debug|Any CPU
		{1C33ECF2-7D8F-4EAB-824F-375B200C9E03}.Release|Any CPU.ActiveCfg = Release|Any CPU
		{1C33ECF2-7D8F-4EAB-824F-375B200C9E03}.Release|Any CPU.Build.0 = Release|Any CPU
		{26F1703D-EDDF-479C-98FF-C48B1FDECB2F}.Debug|Any CPU.ActiveCfg = Debug|Any CPU
		{26F1703D-EDDF-479C-98FF-C48B1FDECB2F}.Debug|Any CPU.Build.0 = Debug|Any CPU
		{26F1703D-EDDF-479C-98FF-C48B1FDECB2F}.Release|Any CPU.ActiveCfg = Release|Any CPU
		{26F1703D-EDDF-479C-98FF-C48B1FDECB2F}.Release|Any CPU.Build.0 = Release|Any CPU
		{ABA4A3F3-2074-4633-A81E-3ACB156B50D8}.Debug|Any CPU.ActiveCfg = Debug|Any CPU
		{ABA4A3F3-2074-4633-A81E-3ACB156B50D8}.Debug|Any CPU.Build.0 = Debug|Any CPU
		{ABA4A3F3-2074-4633-A81E-3ACB156B50D8}.Release|Any CPU.ActiveCfg = Release|Any CPU
		{ABA4A3F3-2074-4633-A81E-3ACB156B50D8}.Release|Any CPU.Build.0 = Release|Any CPU
		{9C658A11-4B04-4BDF-929B-4E5D40EC8469}.Debug|Any CPU.ActiveCfg = Debug|Any CPU
		{9C658A11-4B04-4BDF-929B-4E5D40EC8469}.Debug|Any CPU.Build.0 = Debug|Any CPU
		{9C658A11-4B04-4BDF-929B-4E5D40EC8469}.Release|Any CPU.ActiveCfg = Release|Any CPU
		{9C658A11-4B04-4BDF-929B-4E5D40EC8469}.Release|Any CPU.Build.0 = Release|Any CPU
		{57442413-177E-4A2C-84CB-7EDA6BF6E049}.Debug|Any CPU.ActiveCfg = Debug|Any CPU
		{57442413-177E-4A2C-84CB-7EDA6BF6E049}.Debug|Any CPU.Build.0 = Debug|Any CPU
		{57442413-177E-4A2C-84CB-7EDA6BF6E049}.Release|Any CPU.ActiveCfg = Release|Any CPU
		{57442413-177E-4A2C-84CB-7EDA6BF6E049}.Release|Any CPU.Build.0 = Release|Any CPU
		{2D13723F-2661-4413-AA90-D393980F8B14}.Debug|Any CPU.ActiveCfg = Debug|Any CPU
		{2D13723F-2661-4413-AA90-D393980F8B14}.Debug|Any CPU.Build.0 = Debug|Any CPU
		{2D13723F-2661-4413-AA90-D393980F8B14}.Release|Any CPU.ActiveCfg = Release|Any CPU
		{2D13723F-2661-4413-AA90-D393980F8B14}.Release|Any CPU.Build.0 = Release|Any CPU
	EndGlobalSection
	GlobalSection(SolutionProperties) = preSolution
		HideSolutionNode = FALSE
	EndGlobalSection
	GlobalSection(NestedProjects) = preSolution
		{E4030417-3F95-48BA-8A9A-6E1B4A5B5873} = {BD151E63-D321-4AC1-A2CD-80283D4FC70C}
		{6BB15C91-C4A4-025E-3DD3-F1C93973F589} = {E4030417-3F95-48BA-8A9A-6E1B4A5B5873}
		{10A6150C-A108-0B9D-235E-DD3FA72FEAD0} = {404E091A-3BC2-4F2B-B634-1CC8891405C3}
		{770BB034-1DF6-0635-2795-21DE373A2FA0} = {C64D07D2-0EDD-4AFA-8A4C-B32BC3B7889B}
		{7B6C0310-8E34-42CE-A29F-22F24BBC8381} = {E4030417-3F95-48BA-8A9A-6E1B4A5B5873}
		{E27D5071-163D-0D73-30C7-056D3063F13B} = {7B6C0310-8E34-42CE-A29F-22F24BBC8381}
		{EB435360-64EE-0849-15BF-759DA3CB6753} = {7B6C0310-8E34-42CE-A29F-22F24BBC8381}
		{2D28CF25-F3D8-4488-825A-20C05D144C9D} = {E4030417-3F95-48BA-8A9A-6E1B4A5B5873}
		{862688BC-7C41-422F-BFD8-43C3B8B8761E} = {E4030417-3F95-48BA-8A9A-6E1B4A5B5873}
		{404E091A-3BC2-4F2B-B634-1CC8891405C3} = {BD151E63-D321-4AC1-A2CD-80283D4FC70C}
		{C64D07D2-0EDD-4AFA-8A4C-B32BC3B7889B} = {BD151E63-D321-4AC1-A2CD-80283D4FC70C}
		{D5ABFC37-7893-477D-A675-7BE7FE95C5B3} = {C64D07D2-0EDD-4AFA-8A4C-B32BC3B7889B}
		{776C99A9-C8F5-4116-B05C-A4D588A7930D} = {BD151E63-D321-4AC1-A2CD-80283D4FC70C}
		{B0E58AD5-A0CA-4207-B3A6-E45FF1A30C23} = {E4030417-3F95-48BA-8A9A-6E1B4A5B5873}
		{1C33ECF2-7D8F-4EAB-824F-375B200C9E03} = {404E091A-3BC2-4F2B-B634-1CC8891405C3}
		{26F1703D-EDDF-479C-98FF-C48B1FDECB2F} = {E4030417-3F95-48BA-8A9A-6E1B4A5B5873}
		{ABA4A3F3-2074-4633-A81E-3ACB156B50D8} = {95BF5347-DA27-4933-83E4-279B60D20835}
		{9C658A11-4B04-4BDF-929B-4E5D40EC8469} = {95BF5347-DA27-4933-83E4-279B60D20835}
		{57442413-177E-4A2C-84CB-7EDA6BF6E049} = {95BF5347-DA27-4933-83E4-279B60D20835}
		{2D13723F-2661-4413-AA90-D393980F8B14} = {95BF5347-DA27-4933-83E4-279B60D20835}
	EndGlobalSection
	GlobalSection(ExtensibilityGlobals) = postSolution
		SolutionGuid = {ADB1D01A-F2D8-411D-8C5E-9B125F8FE64E}
	EndGlobalSection
EndGlobal
